# THIS IS AN AUTOGENERATED FILE. DO NOT EDIT THIS FILE DIRECTLY.
# yarn lockfile v1


"@types/node@^16.11.11":
  version "16.11.11"
  resolved "https://registry.yarnpkg.com/@types/node/-/node-16.11.11.tgz#6ea7342dfb379ea1210835bada87b3c512120234"
  integrity sha512-KB0sixD67CeecHC33MYn+eYARkqTheIRNuu97y2XMjR7Wu3XibO1vaY6VBV6O/a89SPI81cEUIYT87UqUWlZNw==

"@typescript/lib-dom@npm:@orta/lib-dom-globals@^0.0.1":
  version "0.0.1"
  resolved "https://registry.yarnpkg.com/@orta/lib-dom-globals/-/lib-dom-globals-0.0.1.tgz#bbc31616f48d36ba8e9dba1e8476014591e2590e"
  integrity sha512-95+wsggmji10EGkzJ/kZFP2ozlT++CbkCGEXz5MDwMMzxxddy4h0ySeFf6K2gyY/TdcZi+yo+SkUFUeiYiizog==

typescript@^4.5.2:
  version "4.5.2"
  resolved "https://registry.yarnpkg.com/typescript/-/typescript-4.5.2.tgz#8ac1fba9f52256fdb06fb89e4122fa6a346c2998"
  integrity sha512-5BlMof9H1yGt0P8/WF+wPNw6GfctgGjXp5hkblpyT+8rkASSmkUKMXrxR0Xg8ThVCi/JnHQiKXeBaEwCeQwMFw==
